
Microsoft Visual Studio Solution File, Format Version 12.00
# Visual Studio Version 16
VisualStudioVersion = 16.0.28922.388
MinimumVisualStudioVersion = 10.0.40219.1
Project("{FAE04EC0-301F-11D3-BF4B-00C04F79EFBC}") = "PizzaCostJohnO", "PizzaCostJohnO\PizzaCostJohnO.csproj", "{CA2E704A-783F-4CCE-BD7C-2287874F5DC0}"
EndProject
Global
	GlobalSection(SolutionConfigurationPlatforms) = preSolution
		Debug|Any CPU = Debug|Any CPU
		Release|Any CPU = Release|Any CPU
	EndGlobalSection
	GlobalSection(ProjectConfigurationPlatforms) = postSolution
		{CA2E704A-783F-4CCE-BD7C-2287874F5DC0}.Debug|Any CPU.ActiveCfg = Debug|Any CPU
		{CA2E704A-783F-4CCE-BD7C-2287874F5DC0}.Debug|Any CPU.Build.0 = Debug|Any CPU
		{CA2E704A-783F-4CCE-BD7C-2287874F5DC0}.Release|Any CPU.ActiveCfg = Release|Any CPU
		{CA2E704A-783F-4CCE-BD7C-2287874F5DC0}.Release|Any CPU.Build.0 = Release|Any CPU
	EndGlobalSection
	GlobalSection(SolutionProperties) = preSolution
		HideSolutionNode = FALSE
	EndGlobalSection
	GlobalSection(ExtensibilityGlobals) = postSolution
		SolutionGuid = {F137981D-6C10-47AC-AC82-8F69E9D9E88E}
	EndGlobalSection
EndGlobal
